{
  "name": "esbuild-css-modules-plugin",
  "requires": true,
  "lockfileVersion": 1,
  "dependencies": {
    "big.js": {
      "version": "5.2.2",
      "resolved": "https://arti.freewheel.tv/api/npm/fw-npm/big.js/-/big.js-5.2.2.tgz",
      "integrity": "sha1-ZfCvOC9Xi83HQr2cKB6cstd2gyg="
    },
    "colorette": {
      "version": "1.2.2",
      "resolved": "https://arti.freewheel.tv/api/npm/fw-npm/colorette/-/colorette-1.2.2.tgz",
      "integrity": "sha1-y8x51emcrqLb8Q6zom/Ys+as+pQ="
    },
    "cssesc": {
      "version": "3.0.0",
      "resolved": "https://arti.freewheel.tv/api/npm/fw-npm/cssesc/-/cssesc-3.0.0.tgz",
      "integrity": "sha1-N3QZGZA7hoVl4cCep0dEXNGJg+4="
    },
    "emojis-list": {
      "version": "3.0.0",
      "resolved": "https://arti.freewheel.tv/api/npm/fw-npm/emojis-list/-/emojis-list-3.0.0.tgz",
      "integrity": "sha1-VXBmIEatKeLpFucariYKvf9Pang="
    },
    "esbuild": {
      "version": "0.8.55",
      "resolved": "https://arti.freewheel.tv/api/npm/fw-npm/esbuild/-/esbuild-0.8.55.tgz",
      "integrity": "sha1-S/lJxE20/8KiBqwMAC6OlO7P99U=",
      "dev": true
    },
    "generic-names": {
      "version": "2.0.1",
      "resolved": "https://arti.freewheel.tv/api/npm/fw-npm/generic-names/-/generic-names-2.0.1.tgz",
      "integrity": "sha1-+KN46tLMqno08DF7BVVIMq5BuHI=",
      "requires": {
        "loader-utils": "^1.1.0"
      }
    },
    "icss-replace-symbols": {
      "version": "1.1.0",
      "resolved": "https://arti.freewheel.tv/api/npm/fw-npm/icss-replace-symbols/-/icss-replace-symbols-1.1.0.tgz",
      "integrity": "sha1-Bupvg2ead0njhs/h/oEq5dsiPe0="
    },
    "icss-utils": {
      "version": "5.1.0",
      "resolved": "https://arti.freewheel.tv/api/npm/fw-npm/icss-utils/-/icss-utils-5.1.0.tgz",
      "integrity": "sha1-xr5oWKvQE9do6YNmrkfiXViHsa4="
    },
    "indexes-of": {
      "version": "1.0.1",
      "resolved": "https://arti.freewheel.tv/api/npm/fw-npm/indexes-of/-/indexes-of-1.0.1.tgz",
      "integrity": "sha1-8w9xbI4r00bHtn0985FVZqfAVgc="
    },
    "json5": {
      "version": "1.0.1",
      "resolved": "https://arti.freewheel.tv/api/npm/fw-npm/json5/-/json5-1.0.1.tgz",
      "integrity": "sha1-d5+wAYYE+oVOrL9iUhgNg1Q+Pb4=",
      "requires": {
        "minimist": "^1.2.0"
      }
    },
    "loader-utils": {
      "version": "1.4.0",
      "resolved": "https://arti.freewheel.tv/api/npm/fw-npm/loader-utils/-/loader-utils-1.4.0.tgz",
      "integrity": "sha1-xXm140yzSxp07cbB+za/o3HVphM=",
      "requires": {
        "big.js": "^5.2.2",
        "emojis-list": "^3.0.0",
        "json5": "^1.0.1"
      }
    },
    "lodash.camelcase": {
      "version": "4.3.0",
      "resolved": "https://arti.freewheel.tv/api/npm/fw-npm/lodash.camelcase/-/lodash.camelcase-4.3.0.tgz",
      "integrity": "sha1-soqmKIorn8ZRA1x3EfZathkDMaY="
    },
    "minimist": {
      "version": "1.2.5",
      "resolved": "https://arti.freewheel.tv/api/npm/fw-npm/minimist/-/minimist-1.2.5.tgz",
      "integrity": "sha1-Z9ZgFLZqaoqqDAg8X9WN9OTpdgI="
    },
    "nanoid": {
      "version": "3.1.20",
      "resolved": "https://arti.freewheel.tv/api/npm/fw-npm/nanoid/-/nanoid-3.1.20.tgz",
      "integrity": "sha1-utwmPGsdzxS3HvqoX2q0wdbPx4g="
    },
    "postcss": {
      "version": "8.2.7",
      "resolved": "https://arti.freewheel.tv/api/npm/fw-npm/postcss/-/postcss-8.2.7.tgz",
      "integrity": "sha1-SO2NiLTeEK+g39HD+ECqV7VcTUc=",
      "requires": {
        "colorette": "^1.2.2",
        "nanoid": "^3.1.20",
        "source-map": "^0.6.1"
      }
    },
    "postcss-modules": {
      "version": "4.0.0",
      "resolved": "https://arti.freewheel.tv/api/npm/fw-npm/postcss-modules/-/postcss-modules-4.0.0.tgz",
      "integrity": "sha1-K8fydquI8/Gw+t9svXdy1DtfO5s=",
      "requires": {
        "generic-names": "^2.0.1",
        "icss-replace-symbols": "^1.1.0",
        "lodash.camelcase": "^4.3.0",
        "postcss-modules-extract-imports": "^3.0.0",
        "postcss-modules-local-by-default": "^4.0.0",
        "postcss-modules-scope": "^3.0.0",
        "postcss-modules-values": "^4.0.0",
        "string-hash": "^1.1.1"
      }
    },
    "postcss-modules-extract-imports": {
      "version": "3.0.0",
      "resolved": "https://arti.freewheel.tv/api/npm/fw-npm/postcss-modules-extract-imports/-/postcss-modules-extract-imports-3.0.0.tgz",
      "integrity": "sha1-zaHwR8CugMl9vijD52pDuIAldB0="
    },
    "postcss-modules-local-by-default": {
      "version": "4.0.0",
      "resolved": "https://arti.freewheel.tv/api/npm/fw-npm/postcss-modules-local-by-default/-/postcss-modules-local-by-default-4.0.0.tgz",
      "integrity": "sha1-67tU+uFZjuz99pGgKz/zs5ClpRw=",
      "requires": {
        "icss-utils": "^5.0.0",
        "postcss-selector-parser": "^6.0.2",
        "postcss-value-parser": "^4.1.0"
      }
    },
    "postcss-modules-scope": {
      "version": "3.0.0",
      "resolved": "https://arti.freewheel.tv/api/npm/fw-npm/postcss-modules-scope/-/postcss-modules-scope-3.0.0.tgz",
      "integrity": "sha1-nvMVFFbTu/oSDKRImN/Kby+gHwY=",
      "requires": {
        "postcss-selector-parser": "^6.0.4"
      }
    },
    "postcss-modules-values": {
      "version": "4.0.0",
      "resolved": "https://arti.freewheel.tv/api/npm/fw-npm/postcss-modules-values/-/postcss-modules-values-4.0.0.tgz",
      "integrity": "sha1-18Xn5ow7s8myfL9Iyguz/7RgLJw=",
      "requires": {
        "icss-utils": "^5.0.0"
      }
    },
    "postcss-selector-parser": {
      "version": "6.0.4",
      "resolved": "https://arti.freewheel.tv/api/npm/fw-npm/postcss-selector-parser/-/postcss-selector-parser-6.0.4.tgz",
      "integrity": "sha1-VgdaE4CgRgTDiwY+p3Z6Epr1wrM=",
      "requires": {
        "cssesc": "^3.0.0",
        "indexes-of": "^1.0.1",
        "uniq": "^1.0.1",
        "util-deprecate": "^1.0.2"
      }
    },
    "postcss-value-parser": {
      "version": "4.1.0",
      "resolved": "https://arti.freewheel.tv/api/npm/fw-npm/postcss-value-parser/-/postcss-value-parser-4.1.0.tgz",
      "integrity": "sha1-RD9qIM7WSBor2k+oUypuVdeJoss="
    },
    "source-map": {
      "version": "0.6.1",
      "resolved": "https://arti.freewheel.tv/api/npm/fw-npm/source-map/-/source-map-0.6.1.tgz",
      "integrity": "sha1-dHIq8y6WFOnCh6jQu95IteLxomM="
    },
    "string-hash": {
      "version": "1.1.3",
      "resolved": "https://arti.freewheel.tv/api/npm/fw-npm/string-hash/-/string-hash-1.1.3.tgz",
      "integrity": "sha1-6Kr8CsGFW0Zmkp7X3RJ1311sgRs="
    },
    "typescript": {
      "version": "4.2.3",
      "resolved": "https://arti.freewheel.tv/api/npm/fw-npm/typescript/-/typescript-4.2.3.tgz",
      "integrity": "sha1-OQYtgBmRLUNyYpjwlJPVmASMHOM=",
      "dev": true
    },
    "uniq": {
      "version": "1.0.1",
      "resolved": "https://arti.freewheel.tv/api/npm/fw-npm/uniq/-/uniq-1.0.1.tgz",
      "integrity": "sha1-sxxa6CVIRKOoKBVBzisEuGWnNP8="
    },
    "util-deprecate": {
      "version": "1.0.2",
      "resolved": "https://arti.freewheel.tv/api/npm/fw-npm/util-deprecate/-/util-deprecate-1.0.2.tgz",
      "integrity": "sha1-RQ1Nyfpw3nMnYvvS1KKJgUGaDM8="
    }
  }
}
